// !$*UTF8*$!
{
	archiveVersion = 1;
	classes = {
	};
	objectVersion = 46;
	objects = {

/* Begin PBXBuildFile section */
		6012E16B18E1D3FC002D63CC /* GRStudent2.m in Sources */ = {isa = PBXBuildFile; fileRef = 6012E16A18E1D3FC002D63CC /* GRStudent2.m */; };
		608B0B6118E0F235008B8475 /* Foundation.framework in Frameworks */ = {isa = PBXBuildFile; fileRef = 608B0B6018E0F235008B8475 /* Foundation.framework */; };
		608B0B6318E0F235008B8475 /* CoreGraphics.framework in Frameworks */ = {isa = PBXBuildFile; fileRef = 608B0B6218E0F235008B8475 /* CoreGraphics.framework */; };
		608B0B6518E0F235008B8475 /* UIKit.framework in Frameworks */ = {isa = PBXBuildFile; fileRef = 608B0B6418E0F235008B8475 /* UIKit.framework */; };
		608B0B6B18E0F235008B8475 /* InfoPlist.strings in Resources */ = {isa = PBXBuildFile; fileRef = 608B0B6918E0F235008B8475 /* InfoPlist.strings */; };
		608B0B6D18E0F235008B8475 /* main.m in Sources */ = {isa = PBXBuildFile; fileRef = 608B0B6C18E0F235008B8475 /* main.m */; };
		608B0B7118E0F235008B8475 /* AppDelegate.m in Sources */ = {isa = PBXBuildFile; fileRef = 608B0B7018E0F235008B8475 /* AppDelegate.m */; };
		608B0B7318E0F235008B8475 /* Images.xcassets in Resources */ = {isa = PBXBuildFile; fileRef = 608B0B7218E0F235008B8475 /* Images.xcassets */; };
		608B0B7A18E0F235008B8475 /* XCTest.framework in Frameworks */ = {isa = PBXBuildFile; fileRef = 608B0B7918E0F235008B8475 /* XCTest.framework */; };
		608B0B7B18E0F235008B8475 /* Foundation.framework in Frameworks */ = {isa = PBXBuildFile; fileRef = 608B0B6018E0F235008B8475 /* Foundation.framework */; };
		608B0B7C18E0F235008B8475 /* UIKit.framework in Frameworks */ = {isa = PBXBuildFile; fileRef = 608B0B6418E0F235008B8475 /* UIKit.framework */; };
		608B0B8418E0F235008B8475 /* InfoPlist.strings in Resources */ = {isa = PBXBuildFile; fileRef = 608B0B8218E0F235008B8475 /* InfoPlist.strings */; };
		608B0B8618E0F235008B8475 /* _13_ThreadsTests.m in Sources */ = {isa = PBXBuildFile; fileRef = 608B0B8518E0F235008B8475 /* _13_ThreadsTests.m */; };
		608B0B9118E0F2CA008B8475 /* GRStudent.m in Sources */ = {isa = PBXBuildFile; fileRef = 608B0B9018E0F2CA008B8475 /* GRStudent.m */; };
/* End PBXBuildFile section */

/* Begin PBXContainerItemProxy section */
		608B0B7D18E0F235008B8475 /* PBXContainerItemProxy */ = {
			isa = PBXContainerItemProxy;
			containerPortal = 608B0B5518E0F235008B8475 /* Project object */;
			proxyType = 1;
			remoteGlobalIDString = 608B0B5C18E0F235008B8475;
			remoteInfo = _13_Threads;
		};
/* End PBXContainerItemProxy section */

/* Begin PBXFileReference section */
		6012E16918E1D3FC002D63CC /* GRStudent2.h */ = {isa = PBXFileReference; fileEncoding = 4; lastKnownFileType = sourcecode.c.h; path = GRStudent2.h; sourceTree = "<group>"; };
		6012E16A18E1D3FC002D63CC /* GRStudent2.m */ = {isa = PBXFileReference; fileEncoding = 4; lastKnownFileType = sourcecode.c.objc; path = GRStudent2.m; sourceTree = "<group>"; };
		608B0B5D18E0F235008B8475 /* _13_Threads.app */ = {isa = PBXFileReference; explicitFileType = wrapper.application; includeInIndex = 0; path = _13_Threads.app; sourceTree = BUILT_PRODUCTS_DIR; };
		608B0B6018E0F235008B8475 /* Foundation.framework */ = {isa = PBXFileReference; lastKnownFileType = wrapper.framework; name = Foundation.framework; path = System/Library/Frameworks/Foundation.framework; sourceTree = SDKROOT; };
		608B0B6218E0F235008B8475 /* CoreGraphics.framework */ = {isa = PBXFileReference; lastKnownFileType = wrapper.framework; name = CoreGraphics.framework; path = System/Library/Frameworks/CoreGraphics.framework; sourceTree = SDKROOT; };
		608B0B6418E0F235008B8475 /* UIKit.framework */ = {isa = PBXFileReference; lastKnownFileType = wrapper.framework; name = UIKit.framework; path = System/Library/Frameworks/UIKit.framework; sourceTree = SDKROOT; };
		608B0B6818E0F235008B8475 /* _13_Threads-Info.plist */ = {isa = PBXFileReference; lastKnownFileType = text.plist.xml; path = "_13_Threads-Info.plist"; sourceTree = "<group>"; };
		608B0B6A18E0F235008B8475 /* en */ = {isa = PBXFileReference; lastKnownFileType = text.plist.strings; name = en; path = en.lproj/InfoPlist.strings; sourceTree = "<group>"; };
		608B0B6C18E0F235008B8475 /* main.m */ = {isa = PBXFileReference; lastKnownFileType = sourcecode.c.objc; path = main.m; sourceTree = "<group>"; };
		608B0B6E18E0F235008B8475 /* _13_Threads-Prefix.pch */ = {isa = PBXFileReference; lastKnownFileType = sourcecode.c.h; path = "_13_Threads-Prefix.pch"; sourceTree = "<group>"; };
		608B0B6F18E0F235008B8475 /* AppDelegate.h */ = {isa = PBXFileReference; lastKnownFileType = sourcecode.c.h; path = AppDelegate.h; sourceTree = "<group>"; };
		608B0B7018E0F235008B8475 /* AppDelegate.m */ = {isa = PBXFileReference; lastKnownFileType = sourcecode.c.objc; path = AppDelegate.m; sourceTree = "<group>"; };
		608B0B7218E0F235008B8475 /* Images.xcassets */ = {isa = PBXFileReference; lastKnownFileType = folder.assetcatalog; path = Images.xcassets; sourceTree = "<group>"; };
		608B0B7818E0F235008B8475 /* _13_ThreadsTests.xctest */ = {isa = PBXFileReference; explicitFileType = wrapper.cfbundle; includeInIndex = 0; path = _13_ThreadsTests.xctest; sourceTree = BUILT_PRODUCTS_DIR; };
		608B0B7918E0F235008B8475 /* XCTest.framework */ = {isa = PBXFileReference; lastKnownFileType = wrapper.framework; name = XCTest.framework; path = Library/Frameworks/XCTest.framework; sourceTree = DEVELOPER_DIR; };
		608B0B8118E0F235008B8475 /* _13_ThreadsTests-Info.plist */ = {isa = PBXFileReference; lastKnownFileType = text.plist.xml; path = "_13_ThreadsTests-Info.plist"; sourceTree = "<group>"; };
		608B0B8318E0F235008B8475 /* en */ = {isa = PBXFileReference; lastKnownFileType = text.plist.strings; name = en; path = en.lproj/InfoPlist.strings; sourceTree = "<group>"; };
		608B0B8518E0F235008B8475 /* _13_ThreadsTests.m */ = {isa = PBXFileReference; lastKnownFileType = sourcecode.c.objc; path = _13_ThreadsTests.m; sourceTree = "<group>"; };
		608B0B8F18E0F2CA008B8475 /* GRStudent.h */ = {isa = PBXFileReference; fileEncoding = 4; lastKnownFileType = sourcecode.c.h; path = GRStudent.h; sourceTree = "<group>"; };
		608B0B9018E0F2CA008B8475 /* GRStudent.m */ = {isa = PBXFileReference; fileEncoding = 4; lastKnownFileType = sourcecode.c.objc; path = GRStudent.m; sourceTree = "<group>"; };
/* End PBXFileReference section */

/* Begin PBXFrameworksBuildPhase section */
		608B0B5A18E0F235008B8475 /* Frameworks */ = {
			isa = PBXFrameworksBuildPhase;
			buildActionMask = 2147483647;
			files = (
				608B0B6318E0F235008B8475 /* CoreGraphics.framework in Frameworks */,
				608B0B6518E0F235008B8475 /* UIKit.framework in Frameworks */,
				608B0B6118E0F235008B8475 /* Foundation.framework in Frameworks */,
			);
			runOnlyForDeploymentPostprocessing = 0;
		};
		608B0B7518E0F235008B8475 /* Frameworks */ = {
			isa = PBXFrameworksBuildPhase;
			buildActionMask = 2147483647;
			files = (
				608B0B7A18E0F235008B8475 /* XCTest.framework in Frameworks */,
				608B0B7C18E0F235008B8475 /* UIKit.framework in Frameworks */,
				608B0B7B18E0F235008B8475 /* Foundation.framework in Frameworks */,
			);
			runOnlyForDeploymentPostprocessing = 0;
		};
/* End PBXFrameworksBuildPhase section */

/* Begin PBXGroup section */
		608B0B5418E0F235008B8475 = {
			isa = PBXGroup;
			children = (
				608B0B6618E0F235008B8475 /* _13_Threads */,
				608B0B7F18E0F235008B8475 /* _13_ThreadsTests */,
				608B0B5F18E0F235008B8475 /* Frameworks */,
				608B0B5E18E0F235008B8475 /* Products */,
			);
			sourceTree = "<group>";
		};
		608B0B5E18E0F235008B8475 /* Products */ = {
			isa = PBXGroup;
			children = (
				608B0B5D18E0F235008B8475 /* _13_Threads.app */,
				608B0B7818E0F235008B8475 /* _13_ThreadsTests.xctest */,
			);
			name = Products;
			sourceTree = "<group>";
		};
		608B0B5F18E0F235008B8475 /* Frameworks */ = {
			isa = PBXGroup;
			children = (
				608B0B6018E0F235008B8475 /* Foundation.framework */,
				608B0B6218E0F235008B8475 /* CoreGraphics.framework */,
				608B0B6418E0F235008B8475 /* UIKit.framework */,
				608B0B7918E0F235008B8475 /* XCTest.framework */,
			);
			name = Frameworks;
			sourceTree = "<group>";
		};
		608B0B6618E0F235008B8475 /* _13_Threads */ = {
			isa = PBXGroup;
			children = (
				6012E16918E1D3FC002D63CC /* GRStudent2.h */,
				6012E16A18E1D3FC002D63CC /* GRStudent2.m */,
				608B0B8F18E0F2CA008B8475 /* GRStudent.h */,
				608B0B9018E0F2CA008B8475 /* GRStudent.m */,
				608B0B6F18E0F235008B8475 /* AppDelegate.h */,
				608B0B7018E0F235008B8475 /* AppDelegate.m */,
				608B0B7218E0F235008B8475 /* Images.xcassets */,
				608B0B6718E0F235008B8475 /* Supporting Files */,
			);
			path = _13_Threads;
			sourceTree = "<group>";
		};
		608B0B6718E0F235008B8475 /* Supporting Files */ = {
			isa = PBXGroup;
			children = (
				608B0B6818E0F235008B8475 /* _13_Threads-Info.plist */,
				608B0B6918E0F235008B8475 /* InfoPlist.strings */,
				608B0B6C18E0F235008B8475 /* main.m */,
				608B0B6E18E0F235008B8475 /* _13_Threads-Prefix.pch */,
			);
			name = "Supporting Files";
			sourceTree = "<group>";
		};
		608B0B7F18E0F235008B8475 /* _13_ThreadsTests */ = {
			isa = PBXGroup;
			children = (
				608B0B8518E0F235008B8475 /* _13_ThreadsTests.m */,
				608B0B8018E0F235008B8475 /* Supporting Files */,
			);
			path = _13_ThreadsTests;
			sourceTree = "<group>";
		};
		608B0B8018E0F235008B8475 /* Supporting Files */ = {
			isa = PBXGroup;
			children = (
				608B0B8118E0F235008B8475 /* _13_ThreadsTests-Info.plist */,
				608B0B8218E0F235008B8475 /* InfoPlist.strings */,
			);
			name = "Supporting Files";
			sourceTree = "<group>";
		};
/* End PBXGroup section */

/* Begin PBXNativeTarget section */
		608B0B5C18E0F235008B8475 /* _13_Threads */ = {
			isa = PBXNativeTarget;
			buildConfigurationList = 608B0B8918E0F235008B8475 /* Build configuration list for PBXNativeTarget "_13_Threads" */;
			buildPhases = (
				608B0B5918E0F235008B8475 /* Sources */,
				608B0B5A18E0F235008B8475 /* Frameworks */,
				608B0B5B18E0F235008B8475 /* Resources */,
			);
			buildRules = (
			);
			dependencies = (
			);
			name = _13_Threads;
			productName = _13_Threads;
			productReference = 608B0B5D18E0F235008B8475 /* _13_Threads.app */;
			productType = "com.apple.product-type.application";
		};
		608B0B7718E0F235008B8475 /* _13_ThreadsTests */ = {
			isa = PBXNativeTarget;
			buildConfigurationList = 608B0B8C18E0F235008B8475 /* Build configuration list for PBXNativeTarget "_13_ThreadsTests" */;
			buildPhases = (
				608B0B7418E0F235008B8475 /* Sources */,
				608B0B7518E0F235008B8475 /* Frameworks */,
				608B0B7618E0F235008B8475 /* Resources */,
			);
			buildRules = (
			);
			dependencies = (
				608B0B7E18E0F235008B8475 /* PBXTargetDependency */,
			);
			name = _13_ThreadsTests;
			productName = _13_ThreadsTests;
			productReference = 608B0B7818E0F235008B8475 /* _13_ThreadsTests.xctest */;
			productType = "com.apple.product-type.bundle.unit-test";
		};
/* End PBXNativeTarget section */

/* Begin PBXProject section */
		608B0B5518E0F235008B8475 /* Project object */ = {
			isa = PBXProject;
			attributes = {
				LastUpgradeCheck = 0510;
				ORGANIZATIONNAME = Evgenia;
				TargetAttributes = {
					608B0B7718E0F235008B8475 = {
						TestTargetID = 608B0B5C18E0F235008B8475;
					};
				};
			};
			buildConfigurationList = 608B0B5818E0F235008B8475 /* Build configuration list for PBXProject "_13_Threads" */;
			compatibilityVersion = "Xcode 3.2";
			developmentRegion = English;
			hasScannedForEncodings = 0;
			knownRegions = (
				en,
			);
			mainGroup = 608B0B5418E0F235008B8475;
			productRefGroup = 608B0B5E18E0F235008B8475 /* Products */;
			projectDirPath = "";
			projectRoot = "";
			targets = (
				608B0B5C18E0F235008B8475 /* _13_Threads */,
				608B0B7718E0F235008B8475 /* _13_ThreadsTests */,
			);
		};
/* End PBXProject section */

/* Begin PBXResourcesBuildPhase section */
		608B0B5B18E0F235008B8475 /* Resources */ = {
			isa = PBXResourcesBuildPhase;
			buildActionMask = 2147483647;
			files = (
				608B0B6B18E0F235008B8475 /* InfoPlist.strings in Resources */,
				608B0B7318E0F235008B8475 /* Images.xcassets in Resources */,
			);
			runOnlyForDeploymentPostprocessing = 0;
		};
		608B0B7618E0F235008B8475 /* Resources */ = {
			isa = PBXResourcesBuildPhase;
			buildActionMask = 2147483647;
			files = (
				608B0B8418E0F235008B8475 /* InfoPlist.strings in Resources */,
			);
			runOnlyForDeploymentPostprocessing = 0;
		};
/* End PBXResourcesBuildPhase section */

/* Begin PBXSourcesBuildPhase section */
		608B0B5918E0F235008B8475 /* Sources */ = {
			isa = PBXSourcesBuildPhase;
			buildActionMask = 2147483647;
			files = (
				608B0B9118E0F2CA008B8475 /* GRStudent.m in Sources */,
				6012E16B18E1D3FC002D63CC /* GRStudent2.m in Sources */,
				608B0B7118E0F235008B8475 /* AppDelegate.m in Sources */,
				608B0B6D18E0F235008B8475 /* main.m in Sources */,
			);
			runOnlyForDeploymentPostprocessing = 0;
		};
		608B0B7418E0F235008B8475 /* Sources */ = {
			isa = PBXSourcesBuildPhase;
			buildActionMask = 2147483647;
			files = (
				608B0B8618E0F235008B8475 /* _13_ThreadsTests.m in Sources */,
			);
			runOnlyForDeploymentPostprocessing = 0;
		};
/* End PBXSourcesBuildPhase section */

/* Begin PBXTargetDependency section */
		608B0B7E18E0F235008B8475 /* PBXTargetDependency */ = {
			isa = PBXTargetDependency;
			target = 608B0B5C18E0F235008B8475 /* _13_Threads */;
			targetProxy = 608B0B7D18E0F235008B8475 /* PBXContainerItemProxy */;
		};
/* End PBXTargetDependency section */

/* Begin PBXVariantGroup section */
		608B0B6918E0F235008B8475 /* InfoPlist.strings */ = {
			isa = PBXVariantGroup;
			children = (
				608B0B6A18E0F235008B8475 /* en */,
			);
			name = InfoPlist.strings;
			sourceTree = "<group>";
		};
		608B0B8218E0F235008B8475 /* InfoPlist.strings */ = {
			isa = PBXVariantGroup;
			children = (
				608B0B8318E0F235008B8475 /* en */,
			);
			name = InfoPlist.strings;
			sourceTree = "<group>";
		};
/* End PBXVariantGroup section */

/* Begin XCBuildConfiguration section */
		608B0B8718E0F235008B8475 /* Debug */ = {
			isa = XCBuildConfiguration;
			buildSettings = {
				ALWAYS_SEARCH_USER_PATHS = NO;
				CLANG_CXX_LANGUAGE_STANDARD = "gnu++0x";
				CLANG_CXX_LIBRARY = "libc++";
				CLANG_ENABLE_MODULES = YES;
				CLANG_ENABLE_OBJC_ARC = YES;
				CLANG_WARN_BOOL_CONVERSION = YES;
				CLANG_WARN_CONSTANT_CONVERSION = YES;
				CLANG_WARN_DIRECT_OBJC_ISA_USAGE = YES_ERROR;
				CLANG_WARN_EMPTY_BODY = YES;
				CLANG_WARN_ENUM_CONVERSION = YES;
				CLANG_WARN_INT_CONVERSION = YES;
				CLANG_WARN_OBJC_ROOT_CLASS = YES_ERROR;
				CLANG_WARN__DUPLICATE_METHOD_MATCH = YES;
				"CODE_SIGN_IDENTITY[sdk=iphoneos*]" = "iPhone Developer";
				COPY_PHASE_STRIP = NO;
				GCC_C_LANGUAGE_STANDARD = gnu99;
				GCC_DYNAMIC_NO_PIC = NO;
				GCC_OPTIMIZATION_LEVEL = 0;
				GCC_PREPROCESSOR_DEFINITIONS = (
					"DEBUG=1",
					"$(inherited)",
				);
				GCC_SYMBOLS_PRIVATE_EXTERN = NO;
				GCC_WARN_64_TO_32_BIT_CONVERSION = YES;
				GCC_WARN_ABOUT_RETURN_TYPE = YES_ERROR;
				GCC_WARN_UNDECLARED_SELECTOR = YES;
				GCC_WARN_UNINITIALIZED_AUTOS = YES_AGGRESSIVE;
				GCC_WARN_UNUSED_FUNCTION = YES;
				GCC_WARN_UNUSED_VARIABLE = YES;
				IPHONEOS_DEPLOYMENT_TARGET = 7.1;
				ONLY_ACTIVE_ARCH = YES;
				SDKROOT = iphoneos;
			};
			name = Debug;
		};
		608B0B8818E0F235008B8475 /* Release */ = {
			isa = XCBuildConfiguration;
			buildSettings = {
				ALWAYS_SEARCH_USER_PATHS = NO;
				CLANG_CXX_LANGUAGE_STANDARD = "gnu++0x";
				CLANG_CXX_LIBRARY = "libc++";
				CLANG_ENABLE_MODULES = YES;
				CLANG_ENABLE_OBJC_ARC = YES;
				CLANG_WARN_BOOL_CONVERSION = YES;
				CLANG_WARN_CONSTANT_CONVERSION = YES;
				CLANG_WARN_DIRECT_OBJC_ISA_USAGE = YES_ERROR;
				CLANG_WARN_EMPTY_BODY = YES;
				CLANG_WARN_ENUM_CONVERSION = YES;
				CLANG_WARN_INT_CONVERSION = YES;
				CLANG_WARN_OBJC_ROOT_CLASS = YES_ERROR;
				CLANG_WARN__DUPLICATE_METHOD_MATCH = YES;
				"CODE_SIGN_IDENTITY[sdk=iphoneos*]" = "iPhone Developer";
				COPY_PHASE_STRIP = YES;
				ENABLE_NS_ASSERTIONS = NO;
				GCC_C_LANGUAGE_STANDARD = gnu99;
				GCC_WARN_64_TO_32_BIT_CONVERSION = YES;
				GCC_WARN_ABOUT_RETURN_TYPE = YES_ERROR;
				GCC_WARN_UNDECLARED_SELECTOR = YES;
				GCC_WARN_UNINITIALIZED_AUTOS = YES_AGGRESSIVE;
				GCC_WARN_UNUSED_FUNCTION = YES;
				GCC_WARN_UNUSED_VARIABLE = YES;
				IPHONEOS_DEPLOYMENT_TARGET = 7.1;
				SDKROOT = iphoneos;
				VALIDATE_PRODUCT = YES;
			};
			name = Release;
		};
		608B0B8A18E0F235008B8475 /* Debug */ = {
			isa = XCBuildConfiguration;
			buildSettings = {
				ASSETCATALOG_COMPILER_APPICON_NAME = AppIcon;
				ASSETCATALOG_COMPILER_LAUNCHIMAGE_NAME = LaunchImage;
				GCC_PRECOMPILE_PREFIX_HEADER = YES;
				GCC_PREFIX_HEADER = "_13_Threads/_13_Threads-Prefix.pch";
				INFOPLIST_FILE = "_13_Threads/_13_Threads-Info.plist";
				PRODUCT_NAME = "$(TARGET_NAME)";
				WRAPPER_EXTENSION = app;
			};
			name = Debug;
		};
		608B0B8B18E0F235008B8475 /* Release */ = {
			isa = XCBuildConfiguration;
			buildSettings = {
				ASSETCATALOG_COMPILER_APPICON_NAME = AppIcon;
				ASSETCATALOG_COMPILER_LAUNCHIMAGE_NAME = LaunchImage;
				GCC_PRECOMPILE_PREFIX_HEADER = YES;
				GCC_PREFIX_HEADER = "_13_Threads/_13_Threads-Prefix.pch";
				INFOPLIST_FILE = "_13_Threads/_13_Threads-Info.plist";
				PRODUCT_NAME = "$(TARGET_NAME)";
				WRAPPER_EXTENSION = app;
			};
			name = Release;
		};
		608B0B8D18E0F235008B8475 /* Debug */ = {
			isa = XCBuildConfiguration;
			buildSettings = {
				BUNDLE_LOADER = "$(BUILT_PRODUCTS_DIR)/_13_Threads.app/_13_Threads";
				FRAMEWORK_SEARCH_PATHS = (
					"$(SDKROOT)/Developer/Library/Frameworks",
					"$(inherited)",
					"$(DEVELOPER_FRAMEWORKS_DIR)",
				);
				GCC_PRECOMPILE_PREFIX_HEADER = YES;
				GCC_PREFIX_HEADER = "_13_Threads/_13_Threads-Prefix.pch";
				GCC_PREPROCESSOR_DEFINITIONS = (
					"DEBUG=1",
					"$(inherited)",
				);
				INFOPLIST_FILE = "_13_ThreadsTests/_13_ThreadsTests-Info.plist";
				PRODUCT_NAME = "$(TARGET_NAME)";
				TEST_HOST = "$(BUNDLE_LOADER)";
				WRAPPER_EXTENSION = xctest;
			};
			name = Debug;
		};
		608B0B8E18E0F235008B8475 /* Release */ = {
			isa = XCBuildConfiguration;
			buildSettings = {
				BUNDLE_LOADER = "$(BUILT_PRODUCTS_DIR)/_13_Threads.app/_13_Threads";
				FRAMEWORK_SEARCH_PATHS = (
					"$(SDKROOT)/Developer/Library/Frameworks",
					"$(inherited)",
					"$(DEVELOPER_FRAMEWORKS_DIR)",
				);
				GCC_PRECOMPILE_PREFIX_HEADER = YES;
				GCC_PREFIX_HEADER = "_13_Threads/_13_Threads-Prefix.pch";
				INFOPLIST_FILE = "_13_ThreadsTests/_13_ThreadsTests-Info.plist";
				PRODUCT_NAME = "$(TARGET_NAME)";
				TEST_HOST = "$(BUNDLE_LOADER)";
				WRAPPER_EXTENSION = xctest;
			};
			name = Release;
		};
/* End XCBuildConfiguration section */

/* Begin XCConfigurationList section */
		608B0B5818E0F235008B8475 /* Build configuration list for PBXProject "_13_Threads" */ = {
			isa = XCConfigurationList;
			buildConfigurations = (
				608B0B8718E0F235008B8475 /* Debug */,
				608B0B8818E0F235008B8475 /* Release */,
			);
			defaultConfigurationIsVisible = 0;
			defaultConfigurationName = Release;
		};
		608B0B8918E0F235008B8475 /* Build configuration list for PBXNativeTarget "_13_Threads" */ = {
			isa = XCConfigurationList;
			buildConfigurations = (
				608B0B8A18E0F235008B8475 /* Debug */,
				608B0B8B18E0F235008B8475 /* Release */,
			);
			defaultConfigurationIsVisible = 0;
			defaultConfigurationName = Release;
		};
		608B0B8C18E0F235008B8475 /* Build configuration list for PBXNativeTarget "_13_ThreadsTests" */ = {
			isa = XCConfigurationList;
			buildConfigurations = (
				608B0B8D18E0F235008B8475 /* Debug */,
				608B0B8E18E0F235008B8475 /* Release */,
			);
			defaultConfigurationIsVisible = 0;
			defaultConfigurationName = Release;
		};
/* End XCConfigurationList section */
	};
	rootObject = 608B0B5518E0F235008B8475 /* Project object */;
}
